// !$*UTF8*$!
{
	archiveVersion = 1;
	classes = {
	};
	objectVersion = 46;
	objects = {

/* Begin PBXBuildFile section */
		5B83811F1D24A40100862435 /* main.m in Sources */ = {isa = PBXBuildFile; fileRef = 5B83811E1D24A40100862435 /* main.m */; };
		5B8381221D24A40100862435 /* AppDelegate.m in Sources */ = {isa = PBXBuildFile; fileRef = 5B8381211D24A40100862435 /* AppDelegate.m */; };
		5B8381251D24A40100862435 /* Home.m in Sources */ = {isa = PBXBuildFile; fileRef = 5B8381241D24A40100862435 /* Home.m */; };
		5B8381281D24A40100862435 /* Main.storyboard in Resources */ = {isa = PBXBuildFile; fileRef = 5B8381261D24A40100862435 /* Main.storyboard */; };
		5B83812B1D24A40100862435 /* Lab05.xcdatamodeld in Sources */ = {isa = PBXBuildFile; fileRef = 5B8381291D24A40100862435 /* Lab05.xcdatamodeld */; };
		5B83812D1D24A40100862435 /* Assets.xcassets in Resources */ = {isa = PBXBuildFile; fileRef = 5B83812C1D24A40100862435 /* Assets.xcassets */; };
		5B8381301D24A40100862435 /* LaunchScreen.storyboard in Resources */ = {isa = PBXBuildFile; fileRef = 5B83812E1D24A40100862435 /* LaunchScreen.storyboard */; };
		5B83813D1D24A90F00862435 /* CellHome.m in Sources */ = {isa = PBXBuildFile; fileRef = 5B83813B1D24A90F00862435 /* CellHome.m */; };
		5B83813E1D24A90F00862435 /* CellHome.xib in Resources */ = {isa = PBXBuildFile; fileRef = 5B83813C1D24A90F00862435 /* CellHome.xib */; };
		5B8381A51D25FC8900862435 /* Aguascalientes.jpg in Resources */ = {isa = PBXBuildFile; fileRef = 5B8381831D25FC8900862435 /* Aguascalientes.jpg */; };
		5B8381A61D25FC8900862435 /* Asientos.jpg in Resources */ = {isa = PBXBuildFile; fileRef = 5B8381841D25FC8900862435 /* Asientos.jpg */; };
		5B8381A71D25FC8900862435 /* Calvillo.jpg in Resources */ = {isa = PBXBuildFile; fileRef = 5B8381851D25FC8900862435 /* Calvillo.jpg */; };
		5B8381A81D25FC8900862435 /* Jesus_Maria.jpg in Resources */ = {isa = PBXBuildFile; fileRef = 5B8381861D25FC8900862435 /* Jesus_Maria.jpg */; };
		5B8381A91D25FC8900862435 /* Rincon_De_Los_Romos.jpg in Resources */ = {isa = PBXBuildFile; fileRef = 5B8381871D25FC8900862435 /* Rincon_De_Los_Romos.jpg */; };
		5B8381AA1D25FC8900862435 /* San_Francisco_De_Los_Romo.jpg in Resources */ = {isa = PBXBuildFile; fileRef = 5B8381881D25FC8900862435 /* San_Francisco_De_Los_Romo.jpg */; };
		5B8381AB1D25FC8900862435 /* Abasolo.jpg in Resources */ = {isa = PBXBuildFile; fileRef = 5B83818A1D25FC8900862435 /* Abasolo.jpg */; };
		5B8381AC1D25FC8900862435 /* Guanajuato.jpg in Resources */ = {isa = PBXBuildFile; fileRef = 5B83818B1D25FC8900862435 /* Guanajuato.jpg */; };
		5B8381AD1D25FC8900862435 /* Jerecuaro.jpg in Resources */ = {isa = PBXBuildFile; fileRef = 5B83818C1D25FC8900862435 /* Jerecuaro.jpg */; };
		5B8381AE1D25FC8900862435 /* Santa_Catarina.jpg in Resources */ = {isa = PBXBuildFile; fileRef = 5B83818D1D25FC8900862435 /* Santa_Catarina.jpg */; };
		5B8381AF1D25FC8900862435 /* Uriangato.jpg in Resources */ = {isa = PBXBuildFile; fileRef = 5B83818E1D25FC8900862435 /* Uriangato.jpg */; };
		5B8381B01D25FC8900862435 /* Yuriria.jpg in Resources */ = {isa = PBXBuildFile; fileRef = 5B83818F1D25FC8900862435 /* Yuriria.jpg */; };
		5B8381B11D25FC8900862435 /* Arenal.gif in Resources */ = {isa = PBXBuildFile; fileRef = 5B8381911D25FC8900862435 /* Arenal.gif */; };
		5B8381B21D25FC8900862435 /* Atotonilco.gif in Resources */ = {isa = PBXBuildFile; fileRef = 5B8381921D25FC8900862435 /* Atotonilco.gif */; };
		5B8381B31D25FC8900862435 /* Jalisco.jpg in Resources */ = {isa = PBXBuildFile; fileRef = 5B8381931D25FC8900862435 /* Jalisco.jpg */; };
		5B8381B41D25FC8900862435 /* Juchitlan.gif in Resources */ = {isa = PBXBuildFile; fileRef = 5B8381941D25FC8900862435 /* Juchitlan.gif */; };
		5B8381B51D25FC8900862435 /* La_Barca.gif in Resources */ = {isa = PBXBuildFile; fileRef = 5B8381951D25FC8900862435 /* La_Barca.gif */; };
		5B8381B61D25FC8900862435 /* Mayutla.jpg in Resources */ = {isa = PBXBuildFile; fileRef = 5B8381961D25FC8900862435 /* Mayutla.jpg */; };
		5B8381B71D25FC8900862435 /* Acuitzio.jpg in Resources */ = {isa = PBXBuildFile; fileRef = 5B8381981D25FC8900862435 /* Acuitzio.jpg */; };
		5B8381B81D25FC8900862435 /* Huadacareo.jpg in Resources */ = {isa = PBXBuildFile; fileRef = 5B8381991D25FC8900862435 /* Huadacareo.jpg */; };
		5B8381B91D25FC8900862435 /* Huetamo.jpg in Resources */ = {isa = PBXBuildFile; fileRef = 5B83819A1D25FC8900862435 /* Huetamo.jpg */; };
		5B8381BA1D25FC8900862435 /* Michoacan.jpg in Resources */ = {isa = PBXBuildFile; fileRef = 5B83819B1D25FC8900862435 /* Michoacan.jpg */; };
		5B8381BB1D25FC8900862435 /* Numaran.jpg in Resources */ = {isa = PBXBuildFile; fileRef = 5B83819C1D25FC8900862435 /* Numaran.jpg */; };
		5B8381BC1D25FC8900862435 /* Zitacuaro.jpg in Resources */ = {isa = PBXBuildFile; fileRef = 5B83819D1D25FC8900862435 /* Zitacuaro.jpg */; };
		5B8381BD1D25FC8900862435 /* Apozol.jpg in Resources */ = {isa = PBXBuildFile; fileRef = 5B83819F1D25FC8900862435 /* Apozol.jpg */; };
		5B8381BE1D25FC8900862435 /* Apulco.jpg in Resources */ = {isa = PBXBuildFile; fileRef = 5B8381A01D25FC8900862435 /* Apulco.jpg */; };
		5B8381BF1D25FC8900862435 /* Genaro_Codina.jpg in Resources */ = {isa = PBXBuildFile; fileRef = 5B8381A11D25FC8900862435 /* Genaro_Codina.jpg */; };
		5B8381C01D25FC8900862435 /* Jerez.jpg in Resources */ = {isa = PBXBuildFile; fileRef = 5B8381A21D25FC8900862435 /* Jerez.jpg */; };
		5B8381C11D25FC8900862435 /* Villa_Garcia.jpg in Resources */ = {isa = PBXBuildFile; fileRef = 5B8381A31D25FC8900862435 /* Villa_Garcia.jpg */; };
		5B8381C21D25FC8900862435 /* Zacatecas.jpg in Resources */ = {isa = PBXBuildFile; fileRef = 5B8381A41D25FC8900862435 /* Zacatecas.jpg */; };
		5B8381C41D260D0500862435 /* Fondo.jpg in Resources */ = {isa = PBXBuildFile; fileRef = 5B8381C31D260D0500862435 /* Fondo.jpg */; };
		5B8381C71D2611BB00862435 /* Window_Municipios.m in Sources */ = {isa = PBXBuildFile; fileRef = 5B8381C61D2611BB00862435 /* Window_Municipios.m */; };
/* End PBXBuildFile section */

/* Begin PBXFileReference section */
		5B83811A1D24A40100862435 /* Lab05.app */ = {isa = PBXFileReference; explicitFileType = wrapper.application; includeInIndex = 0; path = Lab05.app; sourceTree = BUILT_PRODUCTS_DIR; };
		5B83811E1D24A40100862435 /* main.m */ = {isa = PBXFileReference; lastKnownFileType = sourcecode.c.objc; path = main.m; sourceTree = "<group>"; };
		5B8381201D24A40100862435 /* AppDelegate.h */ = {isa = PBXFileReference; lastKnownFileType = sourcecode.c.h; path = AppDelegate.h; sourceTree = "<group>"; };
		5B8381211D24A40100862435 /* AppDelegate.m */ = {isa = PBXFileReference; lastKnownFileType = sourcecode.c.objc; path = AppDelegate.m; sourceTree = "<group>"; };
		5B8381231D24A40100862435 /* Home.h */ = {isa = PBXFileReference; lastKnownFileType = sourcecode.c.h; path = Home.h; sourceTree = "<group>"; };
		5B8381241D24A40100862435 /* Home.m */ = {isa = PBXFileReference; lastKnownFileType = sourcecode.c.objc; path = Home.m; sourceTree = "<group>"; };
		5B8381271D24A40100862435 /* Base */ = {isa = PBXFileReference; lastKnownFileType = file.storyboard; name = Base; path = Base.lproj/Main.storyboard; sourceTree = "<group>"; };
		5B83812A1D24A40100862435 /* Lab05.xcdatamodel */ = {isa = PBXFileReference; lastKnownFileType = wrapper.xcdatamodel; path = Lab05.xcdatamodel; sourceTree = "<group>"; };
		5B83812C1D24A40100862435 /* Assets.xcassets */ = {isa = PBXFileReference; lastKnownFileType = folder.assetcatalog; path = Assets.xcassets; sourceTree = "<group>"; };
		5B83812F1D24A40100862435 /* Base */ = {isa = PBXFileReference; lastKnownFileType = file.storyboard; name = Base; path = Base.lproj/LaunchScreen.storyboard; sourceTree = "<group>"; };
		5B8381311D24A40100862435 /* Info.plist */ = {isa = PBXFileReference; lastKnownFileType = text.plist.xml; path = Info.plist; sourceTree = "<group>"; };
		5B83813A1D24A90F00862435 /* CellHome.h */ = {isa = PBXFileReference; fileEncoding = 4; lastKnownFileType = sourcecode.c.h; path = CellHome.h; sourceTree = "<group>"; };
		5B83813B1D24A90F00862435 /* CellHome.m */ = {isa = PBXFileReference; fileEncoding = 4; lastKnownFileType = sourcecode.c.objc; path = CellHome.m; sourceTree = "<group>"; };
		5B83813C1D24A90F00862435 /* CellHome.xib */ = {isa = PBXFileReference; fileEncoding = 4; lastKnownFileType = file.xib; path = CellHome.xib; sourceTree = "<group>"; };
		5B8381831D25FC8900862435 /* Aguascalientes.jpg */ = {isa = PBXFileReference; lastKnownFileType = image.jpeg; path = Aguascalientes.jpg; sourceTree = "<group>"; };
		5B8381841D25FC8900862435 /* Asientos.jpg */ = {isa = PBXFileReference; lastKnownFileType = image.jpeg; path = Asientos.jpg; sourceTree = "<group>"; };
		5B8381851D25FC8900862435 /* Calvillo.jpg */ = {isa = PBXFileReference; lastKnownFileType = image.jpeg; path = Calvillo.jpg; sourceTree = "<group>"; };
		5B8381861D25FC8900862435 /* Jesus_Maria.jpg */ = {isa = PBXFileReference; lastKnownFileType = image.jpeg; path = Jesus_Maria.jpg; sourceTree = "<group>"; };
		5B8381871D25FC8900862435 /* Rincon_De_Los_Romos.jpg */ = {isa = PBXFileReference; lastKnownFileType = image.jpeg; path = Rincon_De_Los_Romos.jpg; sourceTree = "<group>"; };
		5B8381881D25FC8900862435 /* San_Francisco_De_Los_Romo.jpg */ = {isa = PBXFileReference; lastKnownFileType = image.jpeg; path = San_Francisco_De_Los_Romo.jpg; sourceTree = "<group>"; };
		5B83818A1D25FC8900862435 /* Abasolo.jpg */ = {isa = PBXFileReference; lastKnownFileType = image.jpeg; path = Abasolo.jpg; sourceTree = "<group>"; };
		5B83818B1D25FC8900862435 /* Guanajuato.jpg */ = {isa = PBXFileReference; lastKnownFileType = image.jpeg; path = Guanajuato.jpg; sourceTree = "<group>"; };
		5B83818C1D25FC8900862435 /* Jerecuaro.jpg */ = {isa = PBXFileReference; lastKnownFileType = image.jpeg; path = Jerecuaro.jpg; sourceTree = "<group>"; };
		5B83818D1D25FC8900862435 /* Santa_Catarina.jpg */ = {isa = PBXFileReference; lastKnownFileType = image.jpeg; path = Santa_Catarina.jpg; sourceTree = "<group>"; };
		5B83818E1D25FC8900862435 /* Uriangato.jpg */ = {isa = PBXFileReference; lastKnownFileType = image.jpeg; path = Uriangato.jpg; sourceTree = "<group>"; };
		5B83818F1D25FC8900862435 /* Yuriria.jpg */ = {isa = PBXFileReference; lastKnownFileType = image.jpeg; path = Yuriria.jpg; sourceTree = "<group>"; };
		5B8381911D25FC8900862435 /* Arenal.gif */ = {isa = PBXFileReference; lastKnownFileType = image.gif; path = Arenal.gif; sourceTree = "<group>"; };
		5B8381921D25FC8900862435 /* Atotonilco.gif */ = {isa = PBXFileReference; lastKnownFileType = image.gif; path = Atotonilco.gif; sourceTree = "<group>"; };
		5B8381931D25FC8900862435 /* Jalisco.jpg */ = {isa = PBXFileReference; lastKnownFileType = image.jpeg; path = Jalisco.jpg; sourceTree = "<group>"; };
		5B8381941D25FC8900862435 /* Juchitlan.gif */ = {isa = PBXFileReference; lastKnownFileType = image.gif; path = Juchitlan.gif; sourceTree = "<group>"; };
		5B8381951D25FC8900862435 /* La_Barca.gif */ = {isa = PBXFileReference; lastKnownFileType = image.gif; path = La_Barca.gif; sourceTree = "<group>"; };
		5B8381961D25FC8900862435 /* Mayutla.jpg */ = {isa = PBXFileReference; lastKnownFileType = image.jpeg; path = Mayutla.jpg; sourceTree = "<group>"; };
		5B8381981D25FC8900862435 /* Acuitzio.jpg */ = {isa = PBXFileReference; lastKnownFileType = image.jpeg; path = Acuitzio.jpg; sourceTree = "<group>"; };
		5B8381991D25FC8900862435 /* Huadacareo.jpg */ = {isa = PBXFileReference; lastKnownFileType = image.jpeg; path = Huadacareo.jpg; sourceTree = "<group>"; };
		5B83819A1D25FC8900862435 /* Huetamo.jpg */ = {isa = PBXFileReference; lastKnownFileType = image.jpeg; path = Huetamo.jpg; sourceTree = "<group>"; };
		5B83819B1D25FC8900862435 /* Michoacan.jpg */ = {isa = PBXFileReference; lastKnownFileType = image.jpeg; path = Michoacan.jpg; sourceTree = "<group>"; };
		5B83819C1D25FC8900862435 /* Numaran.jpg */ = {isa = PBXFileReference; lastKnownFileType = image.jpeg; path = Numaran.jpg; sourceTree = "<group>"; };
		5B83819D1D25FC8900862435 /* Zitacuaro.jpg */ = {isa = PBXFileReference; lastKnownFileType = image.jpeg; path = Zitacuaro.jpg; sourceTree = "<group>"; };
		5B83819F1D25FC8900862435 /* Apozol.jpg */ = {isa = PBXFileReference; lastKnownFileType = image.jpeg; path = Apozol.jpg; sourceTree = "<group>"; };
		5B8381A01D25FC8900862435 /* Apulco.jpg */ = {isa = PBXFileReference; lastKnownFileType = image.jpeg; path = Apulco.jpg; sourceTree = "<group>"; };
		5B8381A11D25FC8900862435 /* Genaro_Codina.jpg */ = {isa = PBXFileReference; lastKnownFileType = image.jpeg; path = Genaro_Codina.jpg; sourceTree = "<group>"; };
		5B8381A21D25FC8900862435 /* Jerez.jpg */ = {isa = PBXFileReference; lastKnownFileType = image.jpeg; path = Jerez.jpg; sourceTree = "<group>"; };
		5B8381A31D25FC8900862435 /* Villa_Garcia.jpg */ = {isa = PBXFileReference; lastKnownFileType = image.jpeg; path = Villa_Garcia.jpg; sourceTree = "<group>"; };
		5B8381A41D25FC8900862435 /* Zacatecas.jpg */ = {isa = PBXFileReference; lastKnownFileType = image.jpeg; path = Zacatecas.jpg; sourceTree = "<group>"; };
		5B8381C31D260D0500862435 /* Fondo.jpg */ = {isa = PBXFileReference; lastKnownFileType = image.jpeg; path = Fondo.jpg; sourceTree = "<group>"; };
		5B8381C51D2611BB00862435 /* Window_Municipios.h */ = {isa = PBXFileReference; fileEncoding = 4; lastKnownFileType = sourcecode.c.h; path = Window_Municipios.h; sourceTree = "<group>"; };
		5B8381C61D2611BB00862435 /* Window_Municipios.m */ = {isa = PBXFileReference; fileEncoding = 4; lastKnownFileType = sourcecode.c.objc; path = Window_Municipios.m; sourceTree = "<group>"; };
/* End PBXFileReference section */

/* Begin PBXFrameworksBuildPhase section */
		5B8381171D24A40100862435 /* Frameworks */ = {
			isa = PBXFrameworksBuildPhase;
			buildActionMask = 2147483647;
			files = (
			);
			runOnlyForDeploymentPostprocessing = 0;
		};
/* End PBXFrameworksBuildPhase section */

/* Begin PBXGroup section */
		5B8381111D24A40100862435 = {
			isa = PBXGroup;
			children = (
				5B83811C1D24A40100862435 /* Lab05 */,
				5B83811B1D24A40100862435 /* Products */,
			);
			sourceTree = "<group>";
		};
		5B83811B1D24A40100862435 /* Products */ = {
			isa = PBXGroup;
			children = (
				5B83811A1D24A40100862435 /* Lab05.app */,
			);
			name = Products;
			sourceTree = "<group>";
		};
		5B83811C1D24A40100862435 /* Lab05 */ = {
			isa = PBXGroup;
			children = (
				5B8381811D25FC8900862435 /* imgs */,
				5B8381391D24A8E600862435 /* Cells */,
				5B8381381D24A41700862435 /* Controllers */,
				5B8381371D24A41100862435 /* Main */,
				5B8381261D24A40100862435 /* Main.storyboard */,
				5B83812C1D24A40100862435 /* Assets.xcassets */,
				5B83812E1D24A40100862435 /* LaunchScreen.storyboard */,
				5B8381311D24A40100862435 /* Info.plist */,
				5B8381291D24A40100862435 /* Lab05.xcdatamodeld */,
				5B83811D1D24A40100862435 /* Supporting Files */,
			);
			path = Lab05;
			sourceTree = "<group>";
		};
		5B83811D1D24A40100862435 /* Supporting Files */ = {
			isa = PBXGroup;
			children = (
				5B83811E1D24A40100862435 /* main.m */,
			);
			name = "Supporting Files";
			sourceTree = "<group>";
		};
		5B8381371D24A41100862435 /* Main */ = {
			isa = PBXGroup;
			children = (
				5B8381201D24A40100862435 /* AppDelegate.h */,
				5B8381211D24A40100862435 /* AppDelegate.m */,
			);
			name = Main;
			sourceTree = "<group>";
		};
		5B8381381D24A41700862435 /* Controllers */ = {
			isa = PBXGroup;
			children = (
				5B8381231D24A40100862435 /* Home.h */,
				5B8381241D24A40100862435 /* Home.m */,
				5B8381C51D2611BB00862435 /* Window_Municipios.h */,
				5B8381C61D2611BB00862435 /* Window_Municipios.m */,
			);
			name = Controllers;
			sourceTree = "<group>";
		};
		5B8381391D24A8E600862435 /* Cells */ = {
			isa = PBXGroup;
			children = (
				5B83813A1D24A90F00862435 /* CellHome.h */,
				5B83813B1D24A90F00862435 /* CellHome.m */,
				5B83813C1D24A90F00862435 /* CellHome.xib */,
			);
			name = Cells;
			sourceTree = "<group>";
		};
		5B8381811D25FC8900862435 /* imgs */ = {
			isa = PBXGroup;
			children = (
				5B8381C31D260D0500862435 /* Fondo.jpg */,
				5B8381821D25FC8900862435 /* Aguascalientes */,
				5B8381891D25FC8900862435 /* Guanajuato */,
				5B8381901D25FC8900862435 /* Jalisco */,
				5B8381971D25FC8900862435 /* Michoacan */,
				5B83819E1D25FC8900862435 /* Zacatecas */,
			);
			path = imgs;
			sourceTree = "<group>";
		};
		5B8381821D25FC8900862435 /* Aguascalientes */ = {
			isa = PBXGroup;
			children = (
				5B8381831D25FC8900862435 /* Aguascalientes.jpg */,
				5B8381841D25FC8900862435 /* Asientos.jpg */,
				5B8381851D25FC8900862435 /* Calvillo.jpg */,
				5B8381861D25FC8900862435 /* Jesus_Maria.jpg */,
				5B8381871D25FC8900862435 /* Rincon_De_Los_Romos.jpg */,
				5B8381881D25FC8900862435 /* San_Francisco_De_Los_Romo.jpg */,
			);
			path = Aguascalientes;
			sourceTree = "<group>";
		};
		5B8381891D25FC8900862435 /* Guanajuato */ = {
			isa = PBXGroup;
			children = (
				5B83818A1D25FC8900862435 /* Abasolo.jpg */,
				5B83818B1D25FC8900862435 /* Guanajuato.jpg */,
				5B83818C1D25FC8900862435 /* Jerecuaro.jpg */,
				5B83818D1D25FC8900862435 /* Santa_Catarina.jpg */,
				5B83818E1D25FC8900862435 /* Uriangato.jpg */,
				5B83818F1D25FC8900862435 /* Yuriria.jpg */,
			);
			path = Guanajuato;
			sourceTree = "<group>";
		};
		5B8381901D25FC8900862435 /* Jalisco */ = {
			isa = PBXGroup;
			children = (
				5B8381911D25FC8900862435 /* Arenal.gif */,
				5B8381921D25FC8900862435 /* Atotonilco.gif */,
				5B8381931D25FC8900862435 /* Jalisco.jpg */,
				5B8381941D25FC8900862435 /* Juchitlan.gif */,
				5B8381951D25FC8900862435 /* La_Barca.gif */,
				5B8381961D25FC8900862435 /* Mayutla.jpg */,
			);
			path = Jalisco;
			sourceTree = "<group>";
		};
		5B8381971D25FC8900862435 /* Michoacan */ = {
			isa = PBXGroup;
			children = (
				5B8381981D25FC8900862435 /* Acuitzio.jpg */,
				5B8381991D25FC8900862435 /* Huadacareo.jpg */,
				5B83819A1D25FC8900862435 /* Huetamo.jpg */,
				5B83819B1D25FC8900862435 /* Michoacan.jpg */,
				5B83819C1D25FC8900862435 /* Numaran.jpg */,
				5B83819D1D25FC8900862435 /* Zitacuaro.jpg */,
			);
			path = Michoacan;
			sourceTree = "<group>";
		};
		5B83819E1D25FC8900862435 /* Zacatecas */ = {
			isa = PBXGroup;
			children = (
				5B83819F1D25FC8900862435 /* Apozol.jpg */,
				5B8381A01D25FC8900862435 /* Apulco.jpg */,
				5B8381A11D25FC8900862435 /* Genaro_Codina.jpg */,
				5B8381A21D25FC8900862435 /* Jerez.jpg */,
				5B8381A31D25FC8900862435 /* Villa_Garcia.jpg */,
				5B8381A41D25FC8900862435 /* Zacatecas.jpg */,
			);
			path = Zacatecas;
			sourceTree = "<group>";
		};
/* End PBXGroup section */

/* Begin PBXNativeTarget section */
		5B8381191D24A40100862435 /* Lab05 */ = {
			isa = PBXNativeTarget;
			buildConfigurationList = 5B8381341D24A40100862435 /* Build configuration list for PBXNativeTarget "Lab05" */;
			buildPhases = (
				5B8381161D24A40100862435 /* Sources */,
				5B8381171D24A40100862435 /* Frameworks */,
				5B8381181D24A40100862435 /* Resources */,
			);
			buildRules = (
			);
			dependencies = (
			);
			name = Lab05;
			productName = Lab05;
			productReference = 5B83811A1D24A40100862435 /* Lab05.app */;
			productType = "com.apple.product-type.application";
		};
/* End PBXNativeTarget section */

/* Begin PBXProject section */
		5B8381121D24A40100862435 /* Project object */ = {
			isa = PBXProject;
			attributes = {
				LastUpgradeCheck = 0730;
				ORGANIZATIONNAME = MartinLP;
				TargetAttributes = {
					5B8381191D24A40100862435 = {
						CreatedOnToolsVersion = 7.3.1;
					};
				};
			};
			buildConfigurationList = 5B8381151D24A40100862435 /* Build configuration list for PBXProject "Lab05" */;
			compatibilityVersion = "Xcode 3.2";
			developmentRegion = English;
			hasScannedForEncodings = 0;
			knownRegions = (
				en,
				Base,
			);
			mainGroup = 5B8381111D24A40100862435;
			productRefGroup = 5B83811B1D24A40100862435 /* Products */;
			projectDirPath = "";
			projectRoot = "";
			targets = (
				5B8381191D24A40100862435 /* Lab05 */,
			);
		};
/* End PBXProject section */

/* Begin PBXResourcesBuildPhase section */
		5B8381181D24A40100862435 /* Resources */ = {
			isa = PBXResourcesBuildPhase;
			buildActionMask = 2147483647;
			files = (
				5B8381AE1D25FC8900862435 /* Santa_Catarina.jpg in Resources */,
				5B8381AC1D25FC8900862435 /* Guanajuato.jpg in Resources */,
				5B8381B31D25FC8900862435 /* Jalisco.jpg in Resources */,
				5B8381BD1D25FC8900862435 /* Apozol.jpg in Resources */,
				5B8381A91D25FC8900862435 /* Rincon_De_Los_Romos.jpg in Resources */,
				5B8381301D24A40100862435 /* LaunchScreen.storyboard in Resources */,
				5B8381A81D25FC8900862435 /* Jesus_Maria.jpg in Resources */,
				5B8381BC1D25FC8900862435 /* Zitacuaro.jpg in Resources */,
				5B8381A71D25FC8900862435 /* Calvillo.jpg in Resources */,
				5B8381BA1D25FC8900862435 /* Michoacan.jpg in Resources */,
				5B8381B71D25FC8900862435 /* Acuitzio.jpg in Resources */,
				5B83812D1D24A40100862435 /* Assets.xcassets in Resources */,
				5B8381AF1D25FC8900862435 /* Uriangato.jpg in Resources */,
				5B8381B81D25FC8900862435 /* Huadacareo.jpg in Resources */,
				5B8381B61D25FC8900862435 /* Mayutla.jpg in Resources */,
				5B8381AB1D25FC8900862435 /* Abasolo.jpg in Resources */,
				5B8381C41D260D0500862435 /* Fondo.jpg in Resources */,
				5B83813E1D24A90F00862435 /* CellHome.xib in Resources */,
				5B8381AA1D25FC8900862435 /* San_Francisco_De_Los_Romo.jpg in Resources */,
				5B8381B11D25FC8900862435 /* Arenal.gif in Resources */,
				5B8381A61D25FC8900862435 /* Asientos.jpg in Resources */,
				5B8381B51D25FC8900862435 /* La_Barca.gif in Resources */,
				5B8381C21D25FC8900862435 /* Zacatecas.jpg in Resources */,
				5B8381BB1D25FC8900862435 /* Numaran.jpg in Resources */,
				5B8381AD1D25FC8900862435 /* Jerecuaro.jpg in Resources */,
				5B8381B41D25FC8900862435 /* Juchitlan.gif in Resources */,
				5B8381C11D25FC8900862435 /* Villa_Garcia.jpg in Resources */,
				5B8381C01D25FC8900862435 /* Jerez.jpg in Resources */,
				5B8381BF1D25FC8900862435 /* Genaro_Codina.jpg in Resources */,
				5B8381B91D25FC8900862435 /* Huetamo.jpg in Resources */,
				5B8381B21D25FC8900862435 /* Atotonilco.gif in Resources */,
				5B8381281D24A40100862435 /* Main.storyboard in Resources */,
				5B8381BE1D25FC8900862435 /* Apulco.jpg in Resources */,
				5B8381A51D25FC8900862435 /* Aguascalientes.jpg in Resources */,
				5B8381B01D25FC8900862435 /* Yuriria.jpg in Resources */,
			);
			runOnlyForDeploymentPostprocessing = 0;
		};
/* End PBXResourcesBuildPhase section */

/* Begin PBXSourcesBuildPhase section */
		5B8381161D24A40100862435 /* Sources */ = {
			isa = PBXSourcesBuildPhase;
			buildActionMask = 2147483647;
			files = (
				5B8381251D24A40100862435 /* Home.m in Sources */,
				5B8381C71D2611BB00862435 /* Window_Municipios.m in Sources */,
				5B8381221D24A40100862435 /* AppDelegate.m in Sources */,
				5B83813D1D24A90F00862435 /* CellHome.m in Sources */,
				5B83812B1D24A40100862435 /* Lab05.xcdatamodeld in Sources */,
				5B83811F1D24A40100862435 /* main.m in Sources */,
			);
			runOnlyForDeploymentPostprocessing = 0;
		};
/* End PBXSourcesBuildPhase section */

/* Begin PBXVariantGroup section */
		5B8381261D24A40100862435 /* Main.storyboard */ = {
			isa = PBXVariantGroup;
			children = (
				5B8381271D24A40100862435 /* Base */,
			);
			name = Main.storyboard;
			sourceTree = "<group>";
		};
		5B83812E1D24A40100862435 /* LaunchScreen.storyboard */ = {
			isa = PBXVariantGroup;
			children = (
				5B83812F1D24A40100862435 /* Base */,
			);
			name = LaunchScreen.storyboard;
			sourceTree = "<group>";
		};
/* End PBXVariantGroup section */

/* Begin XCBuildConfiguration section */
		5B8381321D24A40100862435 /* Debug */ = {
			isa = XCBuildConfiguration;
			buildSettings = {
				ALWAYS_SEARCH_USER_PATHS = NO;
				CLANG_ANALYZER_NONNULL = YES;
				CLANG_CXX_LANGUAGE_STANDARD = "gnu++0x";
				CLANG_CXX_LIBRARY = "libc++";
				CLANG_ENABLE_MODULES = YES;
				CLANG_ENABLE_OBJC_ARC = YES;
				CLANG_WARN_BOOL_CONVERSION = YES;
				CLANG_WARN_CONSTANT_CONVERSION = YES;
				CLANG_WARN_DIRECT_OBJC_ISA_USAGE = YES_ERROR;
				CLANG_WARN_EMPTY_BODY = YES;
				CLANG_WARN_ENUM_CONVERSION = YES;
				CLANG_WARN_INT_CONVERSION = YES;
				CLANG_WARN_OBJC_ROOT_CLASS = YES_ERROR;
				CLANG_WARN_UNREACHABLE_CODE = YES;
				CLANG_WARN__DUPLICATE_METHOD_MATCH = YES;
				"CODE_SIGN_IDENTITY[sdk=iphoneos*]" = "iPhone Developer";
				COPY_PHASE_STRIP = NO;
				DEBUG_INFORMATION_FORMAT = dwarf;
				ENABLE_STRICT_OBJC_MSGSEND = YES;
				ENABLE_TESTABILITY = YES;
				GCC_C_LANGUAGE_STANDARD = gnu99;
				GCC_DYNAMIC_NO_PIC = NO;
				GCC_NO_COMMON_BLOCKS = YES;
				GCC_OPTIMIZATION_LEVEL = 0;
				GCC_PREPROCESSOR_DEFINITIONS = (
					"DEBUG=1",
					"$(inherited)",
				);
				GCC_WARN_64_TO_32_BIT_CONVERSION = YES;
				GCC_WARN_ABOUT_RETURN_TYPE = YES_ERROR;
				GCC_WARN_UNDECLARED_SELECTOR = YES;
				GCC_WARN_UNINITIALIZED_AUTOS = YES_AGGRESSIVE;
				GCC_WARN_UNUSED_FUNCTION = YES;
				GCC_WARN_UNUSED_VARIABLE = YES;
				IPHONEOS_DEPLOYMENT_TARGET = 9.3;
				MTL_ENABLE_DEBUG_INFO = YES;
				ONLY_ACTIVE_ARCH = YES;
				SDKROOT = iphoneos;
			};
			name = Debug;
		};
		5B8381331D24A40100862435 /* Release */ = {
			isa = XCBuildConfiguration;
			buildSettings = {
				ALWAYS_SEARCH_USER_PATHS = NO;
				CLANG_ANALYZER_NONNULL = YES;
				CLANG_CXX_LANGUAGE_STANDARD = "gnu++0x";
				CLANG_CXX_LIBRARY = "libc++";
				CLANG_ENABLE_MODULES = YES;
				CLANG_ENABLE_OBJC_ARC = YES;
				CLANG_WARN_BOOL_CONVERSION = YES;
				CLANG_WARN_CONSTANT_CONVERSION = YES;
				CLANG_WARN_DIRECT_OBJC_ISA_USAGE = YES_ERROR;
				CLANG_WARN_EMPTY_BODY = YES;
				CLANG_WARN_ENUM_CONVERSION = YES;
				CLANG_WARN_INT_CONVERSION = YES;
				CLANG_WARN_OBJC_ROOT_CLASS = YES_ERROR;
				CLANG_WARN_UNREACHABLE_CODE = YES;
				CLANG_WARN__DUPLICATE_METHOD_MATCH = YES;
				"CODE_SIGN_IDENTITY[sdk=iphoneos*]" = "iPhone Developer";
				COPY_PHASE_STRIP = NO;
				DEBUG_INFORMATION_FORMAT = "dwarf-with-dsym";
				ENABLE_NS_ASSERTIONS = NO;
				ENABLE_STRICT_OBJC_MSGSEND = YES;
				GCC_C_LANGUAGE_STANDARD = gnu99;
				GCC_NO_COMMON_BLOCKS = YES;
				GCC_WARN_64_TO_32_BIT_CONVERSION = YES;
				GCC_WARN_ABOUT_RETURN_TYPE = YES_ERROR;
				GCC_WARN_UNDECLARED_SELECTOR = YES;
				GCC_WARN_UNINITIALIZED_AUTOS = YES_AGGRESSIVE;
				GCC_WARN_UNUSED_FUNCTION = YES;
				GCC_WARN_UNUSED_VARIABLE = YES;
				IPHONEOS_DEPLOYMENT_TARGET = 9.3;
				MTL_ENABLE_DEBUG_INFO = NO;
				SDKROOT = iphoneos;
				VALIDATE_PRODUCT = YES;
			};
			name = Release;
		};
		5B8381351D24A40100862435 /* Debug */ = {
			isa = XCBuildConfiguration;
			buildSettings = {
				ASSETCATALOG_COMPILER_APPICON_NAME = AppIcon;
				INFOPLIST_FILE = Lab05/Info.plist;
				LD_RUNPATH_SEARCH_PATHS = "$(inherited) @executable_path/Frameworks";
				PRODUCT_BUNDLE_IDENTIFIER = com.MartinLP.Lab05;
				PRODUCT_NAME = "$(TARGET_NAME)";
			};
			name = Debug;
		};
		5B8381361D24A40100862435 /* Release */ = {
			isa = XCBuildConfiguration;
			buildSettings = {
				ASSETCATALOG_COMPILER_APPICON_NAME = AppIcon;
				INFOPLIST_FILE = Lab05/Info.plist;
				LD_RUNPATH_SEARCH_PATHS = "$(inherited) @executable_path/Frameworks";
				PRODUCT_BUNDLE_IDENTIFIER = com.MartinLP.Lab05;
				PRODUCT_NAME = "$(TARGET_NAME)";
			};
			name = Release;
		};
/* End XCBuildConfiguration section */

/* Begin XCConfigurationList section */
		5B8381151D24A40100862435 /* Build configuration list for PBXProject "Lab05" */ = {
			isa = XCConfigurationList;
			buildConfigurations = (
				5B8381321D24A40100862435 /* Debug */,
				5B8381331D24A40100862435 /* Release */,
			);
			defaultConfigurationIsVisible = 0;
			defaultConfigurationName = Release;
		};
		5B8381341D24A40100862435 /* Build configuration list for PBXNativeTarget "Lab05" */ = {
			isa = XCConfigurationList;
			buildConfigurations = (
				5B8381351D24A40100862435 /* Debug */,
				5B8381361D24A40100862435 /* Release */,
			);
			defaultConfigurationIsVisible = 0;
		};
/* End XCConfigurationList section */

/* Begin XCVersionGroup section */
		5B8381291D24A40100862435 /* Lab05.xcdatamodeld */ = {
			isa = XCVersionGroup;
			children = (
				5B83812A1D24A40100862435 /* Lab05.xcdatamodel */,
			);
			currentVersion = 5B83812A1D24A40100862435 /* Lab05.xcdatamodel */;
			path = Lab05.xcdatamodeld;
			sourceTree = "<group>";
			versionGroupType = wrapper.xcdatamodel;
		};
/* End XCVersionGroup section */
	};
	rootObject = 5B8381121D24A40100862435 /* Project object */;
}
